
Microsoft Visual Studio Solution File, Format Version 12.00
# Visual Studio Version 17
VisualStudioVersion = 17.2.32616.157
MinimumVisualStudioVersion = 10.0.40219.1
Project("{FAE04EC0-301F-11D3-BF4B-00C04F79EFBC}") = "test new", "test new\test new.csproj", "{F7C1216A-4091-4DC5-93BD-98B154ED34E6}"
EndProject
Global
	GlobalSection(SolutionConfigurationPlatforms) = preSolution
		Debug|Any CPU = Debug|Any CPU
		Release|Any CPU = Release|Any CPU
	EndGlobalSection
	GlobalSection(ProjectConfigurationPlatforms) = postSolution
		{F7C1216A-4091-4DC5-93BD-98B154ED34E6}.Debug|Any CPU.ActiveCfg = Debug|Any CPU
		{F7C1216A-4091-4DC5-93BD-98B154ED34E6}.Debug|Any CPU.Build.0 = Debug|Any CPU
		{F7C1216A-4091-4DC5-93BD-98B154ED34E6}.Release|Any CPU.ActiveCfg = Release|Any CPU
		{F7C1216A-4091-4DC5-93BD-98B154ED34E6}.Release|Any CPU.Build.0 = Release|Any CPU
	EndGlobalSection
	GlobalSection(SolutionProperties) = preSolution
		HideSolutionNode = FALSE
	EndGlobalSection
	GlobalSection(ExtensibilityGlobals) = postSolution
		SolutionGuid = {1C1AC4B7-3612-482F-8E95-4EF65BC7E695}
	EndGlobalSection
EndGlobal
